
Microsoft Visual Studio Solution File, Format Version 11.00
# Visual Studio 2010
Project("{FAE04EC0-301F-11D3-BF4B-00C04F79EFBC}") = "MyXNes Windows", "MyXNes\MyXNes\MyXNes Windows.csproj", "{D25710D8-AFF6-4C40-A775-DA1AC0769D1D}"
EndProject
Project("{FAE04EC0-301F-11D3-BF4B-00C04F79EFBC}") = "MyXNesContent", "MyXNes\MyXNesContent\MyXNesContent.contentproj", "{5A45CBA2-6A8B-4B00-9C73-17E1F2D5DD65}"
EndProject
Project("{FAE04EC0-301F-11D3-BF4B-00C04F79EFBC}") = "MyXNes Xbox 360", "MyXNes\MyXNes\MyXNes Xbox 360.csproj", "{0EBCBC8D-C577-478D-AF82-0E3BF001529F}"
EndProject
Project("{FAE04EC0-301F-11D3-BF4B-00C04F79EFBC}") = "RomsManager", "RomsManager\RomsManager.csproj", "{573840F8-3ED7-4130-B437-00630877E819}"
EndProject
Project("{FAE04EC0-301F-11D3-BF4B-00C04F79EFBC}") = "Nes", "Nes\Nes.csproj", "{A32D38EC-AACF-402E-BC4B-B02174B22581}"
EndProject
Global
	GlobalSection(SolutionConfigurationPlatforms) = preSolution
		Debug|Any CPU = Debug|Any CPU
		Debug|Mixed Platforms = Debug|Mixed Platforms
		Debug|x86 = Debug|x86
		Debug|Xbox 360 = Debug|Xbox 360
		Release|Any CPU = Release|Any CPU
		Release|Mixed Platforms = Release|Mixed Platforms
		Release|x86 = Release|x86
		Release|Xbox 360 = Release|Xbox 360
		x64|Any CPU = x64|Any CPU
		x64|Mixed Platforms = x64|Mixed Platforms
		x64|x86 = x64|x86
		x64|Xbox 360 = x64|Xbox 360
		x86|Any CPU = x86|Any CPU
		x86|Mixed Platforms = x86|Mixed Platforms
		x86|x86 = x86|x86
		x86|Xbox 360 = x86|Xbox 360
	EndGlobalSection
	GlobalSection(ProjectConfigurationPlatforms) = postSolution
		{D25710D8-AFF6-4C40-A775-DA1AC0769D1D}.Debug|Any CPU.ActiveCfg = Debug|x86
		{D25710D8-AFF6-4C40-A775-DA1AC0769D1D}.Debug|Mixed Platforms.ActiveCfg = Debug|x86
		{D25710D8-AFF6-4C40-A775-DA1AC0769D1D}.Debug|Mixed Platforms.Build.0 = Debug|x86
		{D25710D8-AFF6-4C40-A775-DA1AC0769D1D}.Debug|x86.ActiveCfg = Debug|x86
		{D25710D8-AFF6-4C40-A775-DA1AC0769D1D}.Debug|x86.Build.0 = Debug|x86
		{D25710D8-AFF6-4C40-A775-DA1AC0769D1D}.Debug|Xbox 360.ActiveCfg = Debug|x86
		{D25710D8-AFF6-4C40-A775-DA1AC0769D1D}.Debug|Xbox 360.Build.0 = Debug|x86
		{D25710D8-AFF6-4C40-A775-DA1AC0769D1D}.Release|Any CPU.ActiveCfg = Release|x86
		{D25710D8-AFF6-4C40-A775-DA1AC0769D1D}.Release|Mixed Platforms.ActiveCfg = Release|x86
		{D25710D8-AFF6-4C40-A775-DA1AC0769D1D}.Release|Mixed Platforms.Build.0 = Release|x86
		{D25710D8-AFF6-4C40-A775-DA1AC0769D1D}.Release|x86.ActiveCfg = Release|x86
		{D25710D8-AFF6-4C40-A775-DA1AC0769D1D}.Release|x86.Build.0 = Release|x86
		{D25710D8-AFF6-4C40-A775-DA1AC0769D1D}.Release|Xbox 360.ActiveCfg = Release|x86
		{D25710D8-AFF6-4C40-A775-DA1AC0769D1D}.Release|Xbox 360.Build.0 = Release|x86
		{D25710D8-AFF6-4C40-A775-DA1AC0769D1D}.x64|Any CPU.ActiveCfg = Release|x86
		{D25710D8-AFF6-4C40-A775-DA1AC0769D1D}.x64|Mixed Platforms.ActiveCfg = Release|x86
		{D25710D8-AFF6-4C40-A775-DA1AC0769D1D}.x64|Mixed Platforms.Build.0 = Release|x86
		{D25710D8-AFF6-4C40-A775-DA1AC0769D1D}.x64|x86.ActiveCfg = Release|x86
		{D25710D8-AFF6-4C40-A775-DA1AC0769D1D}.x64|x86.Build.0 = Release|x86
		{D25710D8-AFF6-4C40-A775-DA1AC0769D1D}.x64|Xbox 360.ActiveCfg = Release|x86
		{D25710D8-AFF6-4C40-A775-DA1AC0769D1D}.x86|Any CPU.ActiveCfg = Release|x86
		{D25710D8-AFF6-4C40-A775-DA1AC0769D1D}.x86|Mixed Platforms.ActiveCfg = Release|x86
		{D25710D8-AFF6-4C40-A775-DA1AC0769D1D}.x86|Mixed Platforms.Build.0 = Release|x86
		{D25710D8-AFF6-4C40-A775-DA1AC0769D1D}.x86|x86.ActiveCfg = Release|x86
		{D25710D8-AFF6-4C40-A775-DA1AC0769D1D}.x86|x86.Build.0 = Release|x86
		{D25710D8-AFF6-4C40-A775-DA1AC0769D1D}.x86|Xbox 360.ActiveCfg = Release|x86
		{5A45CBA2-6A8B-4B00-9C73-17E1F2D5DD65}.Debug|Any CPU.ActiveCfg = Debug|x86
		{5A45CBA2-6A8B-4B00-9C73-17E1F2D5DD65}.Debug|Mixed Platforms.ActiveCfg = Debug|x86
		{5A45CBA2-6A8B-4B00-9C73-17E1F2D5DD65}.Debug|x86.ActiveCfg = Debug|x86
		{5A45CBA2-6A8B-4B00-9C73-17E1F2D5DD65}.Debug|Xbox 360.ActiveCfg = Debug|x86
		{5A45CBA2-6A8B-4B00-9C73-17E1F2D5DD65}.Release|Any CPU.ActiveCfg = Release|x86
		{5A45CBA2-6A8B-4B00-9C73-17E1F2D5DD65}.Release|Mixed Platforms.ActiveCfg = Release|x86
		{5A45CBA2-6A8B-4B00-9C73-17E1F2D5DD65}.Release|x86.ActiveCfg = Release|x86
		{5A45CBA2-6A8B-4B00-9C73-17E1F2D5DD65}.Release|Xbox 360.ActiveCfg = Release|x86
		{5A45CBA2-6A8B-4B00-9C73-17E1F2D5DD65}.x64|Any CPU.ActiveCfg = Release|x86
		{5A45CBA2-6A8B-4B00-9C73-17E1F2D5DD65}.x64|Mixed Platforms.ActiveCfg = Release|x86
		{5A45CBA2-6A8B-4B00-9C73-17E1F2D5DD65}.x64|x86.ActiveCfg = Release|x86
		{5A45CBA2-6A8B-4B00-9C73-17E1F2D5DD65}.x64|Xbox 360.ActiveCfg = Release|x86
		{5A45CBA2-6A8B-4B00-9C73-17E1F2D5DD65}.x86|Any CPU.ActiveCfg = Release|x86
		{5A45CBA2-6A8B-4B00-9C73-17E1F2D5DD65}.x86|Mixed Platforms.ActiveCfg = Release|x86
		{5A45CBA2-6A8B-4B00-9C73-17E1F2D5DD65}.x86|x86.ActiveCfg = Release|x86
		{5A45CBA2-6A8B-4B00-9C73-17E1F2D5DD65}.x86|Xbox 360.ActiveCfg = Release|x86
		{0EBCBC8D-C577-478D-AF82-0E3BF001529F}.Debug|Any CPU.ActiveCfg = Debug|Xbox 360
		{0EBCBC8D-C577-478D-AF82-0E3BF001529F}.Debug|Mixed Platforms.ActiveCfg = Debug|Xbox 360
		{0EBCBC8D-C577-478D-AF82-0E3BF001529F}.Debug|Mixed Platforms.Build.0 = Debug|Xbox 360
		{0EBCBC8D-C577-478D-AF82-0E3BF001529F}.Debug|Mixed Platforms.Deploy.0 = Debug|Xbox 360
		{0EBCBC8D-C577-478D-AF82-0E3BF001529F}.Debug|x86.ActiveCfg = Debug|Xbox 360
		{0EBCBC8D-C577-478D-AF82-0E3BF001529F}.Debug|Xbox 360.ActiveCfg = Debug|Xbox 360
		{0EBCBC8D-C577-478D-AF82-0E3BF001529F}.Debug|Xbox 360.Build.0 = Debug|Xbox 360
		{0EBCBC8D-C577-478D-AF82-0E3BF001529F}.Debug|Xbox 360.Deploy.0 = Debug|Xbox 360
		{0EBCBC8D-C577-478D-AF82-0E3BF001529F}.Release|Any CPU.ActiveCfg = Release|Xbox 360
		{0EBCBC8D-C577-478D-AF82-0E3BF001529F}.Release|Mixed Platforms.ActiveCfg = Release|Xbox 360
		{0EBCBC8D-C577-478D-AF82-0E3BF001529F}.Release|Mixed Platforms.Build.0 = Release|Xbox 360
		{0EBCBC8D-C577-478D-AF82-0E3BF001529F}.Release|x86.ActiveCfg = Release|Xbox 360
		{0EBCBC8D-C577-478D-AF82-0E3BF001529F}.Release|Xbox 360.ActiveCfg = Release|Xbox 360
		{0EBCBC8D-C577-478D-AF82-0E3BF001529F}.Release|Xbox 360.Build.0 = Release|Xbox 360
		{0EBCBC8D-C577-478D-AF82-0E3BF001529F}.Release|Xbox 360.Deploy.0 = Release|Xbox 360
		{0EBCBC8D-C577-478D-AF82-0E3BF001529F}.x64|Any CPU.ActiveCfg = Release|Xbox 360
		{0EBCBC8D-C577-478D-AF82-0E3BF001529F}.x64|Mixed Platforms.ActiveCfg = Release|Xbox 360
		{0EBCBC8D-C577-478D-AF82-0E3BF001529F}.x64|Mixed Platforms.Build.0 = Release|Xbox 360
		{0EBCBC8D-C577-478D-AF82-0E3BF001529F}.x64|Mixed Platforms.Deploy.0 = Release|Xbox 360
		{0EBCBC8D-C577-478D-AF82-0E3BF001529F}.x64|x86.ActiveCfg = Release|Xbox 360
		{0EBCBC8D-C577-478D-AF82-0E3BF001529F}.x64|Xbox 360.ActiveCfg = Release|Xbox 360
		{0EBCBC8D-C577-478D-AF82-0E3BF001529F}.x64|Xbox 360.Build.0 = Release|Xbox 360
		{0EBCBC8D-C577-478D-AF82-0E3BF001529F}.x64|Xbox 360.Deploy.0 = Release|Xbox 360
		{0EBCBC8D-C577-478D-AF82-0E3BF001529F}.x86|Any CPU.ActiveCfg = Release|Xbox 360
		{0EBCBC8D-C577-478D-AF82-0E3BF001529F}.x86|Mixed Platforms.ActiveCfg = Release|Xbox 360
		{0EBCBC8D-C577-478D-AF82-0E3BF001529F}.x86|Mixed Platforms.Build.0 = Release|Xbox 360
		{0EBCBC8D-C577-478D-AF82-0E3BF001529F}.x86|Mixed Platforms.Deploy.0 = Release|Xbox 360
		{0EBCBC8D-C577-478D-AF82-0E3BF001529F}.x86|x86.ActiveCfg = Release|Xbox 360
		{0EBCBC8D-C577-478D-AF82-0E3BF001529F}.x86|Xbox 360.ActiveCfg = Release|Xbox 360
		{0EBCBC8D-C577-478D-AF82-0E3BF001529F}.x86|Xbox 360.Build.0 = Release|Xbox 360
		{0EBCBC8D-C577-478D-AF82-0E3BF001529F}.x86|Xbox 360.Deploy.0 = Release|Xbox 360
		{573840F8-3ED7-4130-B437-00630877E819}.Debug|Any CPU.ActiveCfg = Debug|x86
		{573840F8-3ED7-4130-B437-00630877E819}.Debug|Mixed Platforms.ActiveCfg = Debug|x86
		{573840F8-3ED7-4130-B437-00630877E819}.Debug|Mixed Platforms.Build.0 = Debug|x86
		{573840F8-3ED7-4130-B437-00630877E819}.Debug|x86.ActiveCfg = Debug|x86
		{573840F8-3ED7-4130-B437-00630877E819}.Debug|x86.Build.0 = Debug|x86
		{573840F8-3ED7-4130-B437-00630877E819}.Debug|Xbox 360.ActiveCfg = Debug|x86
		{573840F8-3ED7-4130-B437-00630877E819}.Release|Any CPU.ActiveCfg = Release|x86
		{573840F8-3ED7-4130-B437-00630877E819}.Release|Mixed Platforms.ActiveCfg = Release|x86
		{573840F8-3ED7-4130-B437-00630877E819}.Release|Mixed Platforms.Build.0 = Release|x86
		{573840F8-3ED7-4130-B437-00630877E819}.Release|x86.ActiveCfg = Release|x86
		{573840F8-3ED7-4130-B437-00630877E819}.Release|x86.Build.0 = Release|x86
		{573840F8-3ED7-4130-B437-00630877E819}.Release|Xbox 360.ActiveCfg = Release|x86
		{573840F8-3ED7-4130-B437-00630877E819}.x64|Any CPU.ActiveCfg = Release|x86
		{573840F8-3ED7-4130-B437-00630877E819}.x64|Mixed Platforms.ActiveCfg = Release|x86
		{573840F8-3ED7-4130-B437-00630877E819}.x64|Mixed Platforms.Build.0 = Release|x86
		{573840F8-3ED7-4130-B437-00630877E819}.x64|x86.ActiveCfg = Release|x86
		{573840F8-3ED7-4130-B437-00630877E819}.x64|x86.Build.0 = Release|x86
		{573840F8-3ED7-4130-B437-00630877E819}.x64|Xbox 360.ActiveCfg = Release|x86
		{573840F8-3ED7-4130-B437-00630877E819}.x86|Any CPU.ActiveCfg = Release|x86
		{573840F8-3ED7-4130-B437-00630877E819}.x86|Mixed Platforms.ActiveCfg = Release|x86
		{573840F8-3ED7-4130-B437-00630877E819}.x86|Mixed Platforms.Build.0 = Release|x86
		{573840F8-3ED7-4130-B437-00630877E819}.x86|x86.ActiveCfg = Release|x86
		{573840F8-3ED7-4130-B437-00630877E819}.x86|x86.Build.0 = Release|x86
		{573840F8-3ED7-4130-B437-00630877E819}.x86|Xbox 360.ActiveCfg = Release|x86
		{A32D38EC-AACF-402E-BC4B-B02174B22581}.Debug|Any CPU.ActiveCfg = Debug|Any CPU
		{A32D38EC-AACF-402E-BC4B-B02174B22581}.Debug|Any CPU.Build.0 = Debug|Any CPU
		{A32D38EC-AACF-402E-BC4B-B02174B22581}.Debug|Mixed Platforms.ActiveCfg = Debug|Any CPU
		{A32D38EC-AACF-402E-BC4B-B02174B22581}.Debug|Mixed Platforms.Build.0 = Debug|Any CPU
		{A32D38EC-AACF-402E-BC4B-B02174B22581}.Debug|x86.ActiveCfg = Debug|Any CPU
		{A32D38EC-AACF-402E-BC4B-B02174B22581}.Debug|Xbox 360.ActiveCfg = Debug|Any CPU
		{A32D38EC-AACF-402E-BC4B-B02174B22581}.Release|Any CPU.ActiveCfg = Release|Any CPU
		{A32D38EC-AACF-402E-BC4B-B02174B22581}.Release|Any CPU.Build.0 = Release|Any CPU
		{A32D38EC-AACF-402E-BC4B-B02174B22581}.Release|Mixed Platforms.ActiveCfg = Release|Any CPU
		{A32D38EC-AACF-402E-BC4B-B02174B22581}.Release|Mixed Platforms.Build.0 = Release|Any CPU
		{A32D38EC-AACF-402E-BC4B-B02174B22581}.Release|x86.ActiveCfg = Release|Any CPU
		{A32D38EC-AACF-402E-BC4B-B02174B22581}.Release|Xbox 360.ActiveCfg = Release|Any CPU
		{A32D38EC-AACF-402E-BC4B-B02174B22581}.x64|Any CPU.ActiveCfg = Release|Any CPU
		{A32D38EC-AACF-402E-BC4B-B02174B22581}.x64|Any CPU.Build.0 = Release|Any CPU
		{A32D38EC-AACF-402E-BC4B-B02174B22581}.x64|Mixed Platforms.ActiveCfg = Release|Any CPU
		{A32D38EC-AACF-402E-BC4B-B02174B22581}.x64|Mixed Platforms.Build.0 = Release|Any CPU
		{A32D38EC-AACF-402E-BC4B-B02174B22581}.x64|x86.ActiveCfg = Release|Any CPU
		{A32D38EC-AACF-402E-BC4B-B02174B22581}.x64|Xbox 360.ActiveCfg = Release|Any CPU
		{A32D38EC-AACF-402E-BC4B-B02174B22581}.x86|Any CPU.ActiveCfg = Release|Any CPU
		{A32D38EC-AACF-402E-BC4B-B02174B22581}.x86|Any CPU.Build.0 = Release|Any CPU
		{A32D38EC-AACF-402E-BC4B-B02174B22581}.x86|Mixed Platforms.ActiveCfg = Release|Any CPU
		{A32D38EC-AACF-402E-BC4B-B02174B22581}.x86|Mixed Platforms.Build.0 = Release|Any CPU
		{A32D38EC-AACF-402E-BC4B-B02174B22581}.x86|x86.ActiveCfg = Release|Any CPU
		{A32D38EC-AACF-402E-BC4B-B02174B22581}.x86|Xbox 360.ActiveCfg = Release|Any CPU
	EndGlobalSection
	GlobalSection(SolutionProperties) = preSolution
		HideSolutionNode = FALSE
	EndGlobalSection
EndGlobal
